// !$*UTF8*$!
{
	archiveVersion = 1;
	classes = {
	};
	objectVersion = 50;
	objects = {

/* Begin PBXBuildFile section */
		CEAE79062237D15D00453FC0 /* AppDelegate.m in Sources */ = {isa = PBXBuildFile; fileRef = CEAE79052237D15D00453FC0 /* AppDelegate.m */; };
		CEAE79092237D15D00453FC0 /* ViewController.m in Sources */ = {isa = PBXBuildFile; fileRef = CEAE79082237D15D00453FC0 /* ViewController.m */; };
		CEAE790C2237D15D00453FC0 /* Main.storyboard in Resources */ = {isa = PBXBuildFile; fileRef = CEAE790A2237D15D00453FC0 /* Main.storyboard */; };
		CEAE790E2237D15F00453FC0 /* Assets.xcassets in Resources */ = {isa = PBXBuildFile; fileRef = CEAE790D2237D15F00453FC0 /* Assets.xcassets */; };
		CEAE79112237D15F00453FC0 /* LaunchScreen.storyboard in Resources */ = {isa = PBXBuildFile; fileRef = CEAE790F2237D15F00453FC0 /* LaunchScreen.storyboard */; };
		CEAE79142237D15F00453FC0 /* main.m in Sources */ = {isa = PBXBuildFile; fileRef = CEAE79132237D15F00453FC0 /* main.m */; };
/* End PBXBuildFile section */

/* Begin PBXFileReference section */
		CEAE79012237D15D00453FC0 /* ios GCD.app */ = {isa = PBXFileReference; explicitFileType = wrapper.application; includeInIndex = 0; path = "ios GCD.app"; sourceTree = BUILT_PRODUCTS_DIR; };
		CEAE79042237D15D00453FC0 /* AppDelegate.h */ = {isa = PBXFileReference; lastKnownFileType = sourcecode.c.h; path = AppDelegate.h; sourceTree = "<group>"; };
		CEAE79052237D15D00453FC0 /* AppDelegate.m */ = {isa = PBXFileReference; lastKnownFileType = sourcecode.c.objc; path = AppDelegate.m; sourceTree = "<group>"; };
		CEAE79072237D15D00453FC0 /* ViewController.h */ = {isa = PBXFileReference; lastKnownFileType = sourcecode.c.h; path = ViewController.h; sourceTree = "<group>"; };
		CEAE79082237D15D00453FC0 /* ViewController.m */ = {isa = PBXFileReference; lastKnownFileType = sourcecode.c.objc; path = ViewController.m; sourceTree = "<group>"; };
		CEAE790B2237D15D00453FC0 /* Base */ = {isa = PBXFileReference; lastKnownFileType = file.storyboard; name = Base; path = Base.lproj/Main.storyboard; sourceTree = "<group>"; };
		CEAE790D2237D15F00453FC0 /* Assets.xcassets */ = {isa = PBXFileReference; lastKnownFileType = folder.assetcatalog; path = Assets.xcassets; sourceTree = "<group>"; };
		CEAE79102237D15F00453FC0 /* Base */ = {isa = PBXFileReference; lastKnownFileType = file.storyboard; name = Base; path = Base.lproj/LaunchScreen.storyboard; sourceTree = "<group>"; };
		CEAE79122237D15F00453FC0 /* Info.plist */ = {isa = PBXFileReference; lastKnownFileType = text.plist.xml; path = Info.plist; sourceTree = "<group>"; };
		CEAE79132237D15F00453FC0 /* main.m */ = {isa = PBXFileReference; lastKnownFileType = sourcecode.c.objc; path = main.m; sourceTree = "<group>"; };
/* End PBXFileReference section */

/* Begin PBXFrameworksBuildPhase section */
		CEAE78FE2237D15D00453FC0 /* Frameworks */ = {
			isa = PBXFrameworksBuildPhase;
			buildActionMask = 2147483647;
			files = (
			);
			runOnlyForDeploymentPostprocessing = 0;
		};
/* End PBXFrameworksBuildPhase section */

/* Begin PBXGroup section */
		CEAE78F82237D15D00453FC0 = {
			isa = PBXGroup;
			children = (
				CEAE79032237D15D00453FC0 /* ios GCD */,
				CEAE79022237D15D00453FC0 /* Products */,
			);
			sourceTree = "<group>";
		};
		CEAE79022237D15D00453FC0 /* Products */ = {
			isa = PBXGroup;
			children = (
				CEAE79012237D15D00453FC0 /* ios GCD.app */,
			);
			name = Products;
			sourceTree = "<group>";
		};
		CEAE79032237D15D00453FC0 /* ios GCD */ = {
			isa = PBXGroup;
			children = (
				CEAE79042237D15D00453FC0 /* AppDelegate.h */,
				CEAE79052237D15D00453FC0 /* AppDelegate.m */,
				CEAE79072237D15D00453FC0 /* ViewController.h */,
				CEAE79082237D15D00453FC0 /* ViewController.m */,
				CEAE790A2237D15D00453FC0 /* Main.storyboard */,
				CEAE790D2237D15F00453FC0 /* Assets.xcassets */,
				CEAE790F2237D15F00453FC0 /* LaunchScreen.storyboard */,
				CEAE79122237D15F00453FC0 /* Info.plist */,
				CEAE79132237D15F00453FC0 /* main.m */,
			);
			path = "ios GCD";
			sourceTree = "<group>";
		};
/* End PBXGroup section */

/* Begin PBXNativeTarget section */
		CEAE79002237D15D00453FC0 /* ios GCD */ = {
			isa = PBXNativeTarget;
			buildConfigurationList = CEAE79172237D15F00453FC0 /* Build configuration list for PBXNativeTarget "ios GCD" */;
			buildPhases = (
				CEAE78FD2237D15D00453FC0 /* Sources */,
				CEAE78FE2237D15D00453FC0 /* Frameworks */,
				CEAE78FF2237D15D00453FC0 /* Resources */,
			);
			buildRules = (
			);
			dependencies = (
			);
			name = "ios GCD";
			productName = "ios GCD";
			productReference = CEAE79012237D15D00453FC0 /* ios GCD.app */;
			productType = "com.apple.product-type.application";
		};
/* End PBXNativeTarget section */

/* Begin PBXProject section */
		CEAE78F92237D15D00453FC0 /* Project object */ = {
			isa = PBXProject;
			attributes = {
				LastUpgradeCheck = 1010;
				ORGANIZATIONNAME = "天使";
				TargetAttributes = {
					CEAE79002237D15D00453FC0 = {
						CreatedOnToolsVersion = 10.1;
					};
				};
			};
			buildConfigurationList = CEAE78FC2237D15D00453FC0 /* Build configuration list for PBXProject "ios GCD" */;
			compatibilityVersion = "Xcode 9.3";
			developmentRegion = en;
			hasScannedForEncodings = 0;
			knownRegions = (
				en,
				Base,
			);
			mainGroup = CEAE78F82237D15D00453FC0;
			productRefGroup = CEAE79022237D15D00453FC0 /* Products */;
			projectDirPath = "";
			projectRoot = "";
			targets = (
				CEAE79002237D15D00453FC0 /* ios GCD */,
			);
		};
/* End PBXProject section */

/* Begin PBXResourcesBuildPhase section */
		CEAE78FF2237D15D00453FC0 /* Resources */ = {
			isa = PBXResourcesBuildPhase;
			buildActionMask = 2147483647;
			files = (
				CEAE79112237D15F00453FC0 /* LaunchScreen.storyboard in Resources */,
				CEAE790E2237D15F00453FC0 /* Assets.xcassets in Resources */,
				CEAE790C2237D15D00453FC0 /* Main.storyboard in Resources */,
			);
			runOnlyForDeploymentPostprocessing = 0;
		};
/* End PBXResourcesBuildPhase section */

/* Begin PBXSourcesBuildPhase section */
		CEAE78FD2237D15D00453FC0 /* Sources */ = {
			isa = PBXSourcesBuildPhase;
			buildActionMask = 2147483647;
			files = (
				CEAE79092237D15D00453FC0 /* ViewController.m in Sources */,
				CEAE79142237D15F00453FC0 /* main.m in Sources */,
				CEAE79062237D15D00453FC0 /* AppDelegate.m in Sources */,
			);
			runOnlyForDeploymentPostprocessing = 0;
		};
/* End PBXSourcesBuildPhase section */

/* Begin PBXVariantGroup section */
		CEAE790A2237D15D00453FC0 /* Main.storyboard */ = {
			isa = PBXVariantGroup;
			children = (
				CEAE790B2237D15D00453FC0 /* Base */,
			);
			name = Main.storyboard;
			sourceTree = "<group>";
		};
		CEAE790F2237D15F00453FC0 /* LaunchScreen.storyboard */ = {
			isa = PBXVariantGroup;
			children = (
				CEAE79102237D15F00453FC0 /* Base */,
			);
			name = LaunchScreen.storyboard;
			sourceTree = "<group>";
		};
/* End PBXVariantGroup section */

/* Begin XCBuildConfiguration section */
		CEAE79152237D15F00453FC0 /* Debug */ = {
			isa = XCBuildConfiguration;
			buildSettings = {
				ALWAYS_SEARCH_USER_PATHS = NO;
				CLANG_ANALYZER_NONNULL = YES;
				CLANG_ANALYZER_NUMBER_OBJECT_CONVERSION = YES_AGGRESSIVE;
				CLANG_CXX_LANGUAGE_STANDARD = "gnu++14";
				CLANG_CXX_LIBRARY = "libc++";
				CLANG_ENABLE_MODULES = YES;
				CLANG_ENABLE_OBJC_ARC = YES;
				CLANG_ENABLE_OBJC_WEAK = YES;
				CLANG_WARN_BLOCK_CAPTURE_AUTORELEASING = YES;
				CLANG_WARN_BOOL_CONVERSION = YES;
				CLANG_WARN_COMMA = YES;
				CLANG_WARN_CONSTANT_CONVERSION = YES;
				CLANG_WARN_DEPRECATED_OBJC_IMPLEMENTATIONS = YES;
				CLANG_WARN_DIRECT_OBJC_ISA_USAGE = YES_ERROR;
				CLANG_WARN_DOCUMENTATION_COMMENTS = YES;
				CLANG_WARN_EMPTY_BODY = YES;
				CLANG_WARN_ENUM_CONVERSION = YES;
				CLANG_WARN_INFINITE_RECURSION = YES;
				CLANG_WARN_INT_CONVERSION = YES;
				CLANG_WARN_NON_LITERAL_NULL_CONVERSION = YES;
				CLANG_WARN_OBJC_IMPLICIT_RETAIN_SELF = YES;
				CLANG_WARN_OBJC_LITERAL_CONVERSION = YES;
				CLANG_WARN_OBJC_ROOT_CLASS = YES_ERROR;
				CLANG_WARN_RANGE_LOOP_ANALYSIS = YES;
				CLANG_WARN_STRICT_PROTOTYPES = YES;
				CLANG_WARN_SUSPICIOUS_MOVE = YES;
				CLANG_WARN_UNGUARDED_AVAILABILITY = YES_AGGRESSIVE;
				CLANG_WARN_UNREACHABLE_CODE = YES;
				CLANG_WARN__DUPLICATE_METHOD_MATCH = YES;
				CODE_SIGN_IDENTITY = "iPhone Developer";
				COPY_PHASE_STRIP = NO;
				DEBUG_INFORMATION_FORMAT = dwarf;
				ENABLE_STRICT_OBJC_MSGSEND = YES;
				ENABLE_TESTABILITY = YES;
				GCC_C_LANGUAGE_STANDARD = gnu11;
				GCC_DYNAMIC_NO_PIC = NO;
				GCC_NO_COMMON_BLOCKS = YES;
				GCC_OPTIMIZATION_LEVEL = 0;
				GCC_PREPROCESSOR_DEFINITIONS = (
					"DEBUG=1",
					"$(inherited)",
				);
				GCC_WARN_64_TO_32_BIT_CONVERSION = YES;
				GCC_WARN_ABOUT_RETURN_TYPE = YES_ERROR;
				GCC_WARN_UNDECLARED_SELECTOR = YES;
				GCC_WARN_UNINITIALIZED_AUTOS = YES_AGGRESSIVE;
				GCC_WARN_UNUSED_FUNCTION = YES;
				GCC_WARN_UNUSED_VARIABLE = YES;
				IPHONEOS_DEPLOYMENT_TARGET = 12.1;
				MTL_ENABLE_DEBUG_INFO = INCLUDE_SOURCE;
				MTL_FAST_MATH = YES;
				ONLY_ACTIVE_ARCH = YES;
				SDKROOT = iphoneos;
			};
			name = Debug;
		};
		CEAE79162237D15F00453FC0 /* Release */ = {
			isa = XCBuildConfiguration;
			buildSettings = {
				ALWAYS_SEARCH_USER_PATHS = NO;
				CLANG_ANALYZER_NONNULL = YES;
				CLANG_ANALYZER_NUMBER_OBJECT_CONVERSION = YES_AGGRESSIVE;
				CLANG_CXX_LANGUAGE_STANDARD = "gnu++14";
				CLANG_CXX_LIBRARY = "libc++";
				CLANG_ENABLE_MODULES = YES;
				CLANG_ENABLE_OBJC_ARC = YES;
				CLANG_ENABLE_OBJC_WEAK = YES;
				CLANG_WARN_BLOCK_CAPTURE_AUTORELEASING = YES;
				CLANG_WARN_BOOL_CONVERSION = YES;
				CLANG_WARN_COMMA = YES;
				CLANG_WARN_CONSTANT_CONVERSION = YES;
				CLANG_WARN_DEPRECATED_OBJC_IMPLEMENTATIONS = YES;
				CLANG_WARN_DIRECT_OBJC_ISA_USAGE = YES_ERROR;
				CLANG_WARN_DOCUMENTATION_COMMENTS = YES;
				CLANG_WARN_EMPTY_BODY = YES;
				CLANG_WARN_ENUM_CONVERSION = YES;
				CLANG_WARN_INFINITE_RECURSION = YES;
				CLANG_WARN_INT_CONVERSION = YES;
				CLANG_WARN_NON_LITERAL_NULL_CONVERSION = YES;
				CLANG_WARN_OBJC_IMPLICIT_RETAIN_SELF = YES;
				CLANG_WARN_OBJC_LITERAL_CONVERSION = YES;
				CLANG_WARN_OBJC_ROOT_CLASS = YES_ERROR;
				CLANG_WARN_RANGE_LOOP_ANALYSIS = YES;
				CLANG_WARN_STRICT_PROTOTYPES = YES;
				CLANG_WARN_SUSPICIOUS_MOVE = YES;
				CLANG_WARN_UNGUARDED_AVAILABILITY = YES_AGGRESSIVE;
				CLANG_WARN_UNREACHABLE_CODE = YES;
				CLANG_WARN__DUPLICATE_METHOD_MATCH = YES;
				CODE_SIGN_IDENTITY = "iPhone Developer";
				COPY_PHASE_STRIP = NO;
				DEBUG_INFORMATION_FORMAT = "dwarf-with-dsym";
				ENABLE_NS_ASSERTIONS = NO;
				ENABLE_STRICT_OBJC_MSGSEND = YES;
				GCC_C_LANGUAGE_STANDARD = gnu11;
				GCC_NO_COMMON_BLOCKS = YES;
				GCC_WARN_64_TO_32_BIT_CONVERSION = YES;
				GCC_WARN_ABOUT_RETURN_TYPE = YES_ERROR;
				GCC_WARN_UNDECLARED_SELECTOR = YES;
				GCC_WARN_UNINITIALIZED_AUTOS = YES_AGGRESSIVE;
				GCC_WARN_UNUSED_FUNCTION = YES;
				GCC_WARN_UNUSED_VARIABLE = YES;
				IPHONEOS_DEPLOYMENT_TARGET = 12.1;
				MTL_ENABLE_DEBUG_INFO = NO;
				MTL_FAST_MATH = YES;
				SDKROOT = iphoneos;
				VALIDATE_PRODUCT = YES;
			};
			name = Release;
		};
		CEAE79182237D15F00453FC0 /* Debug */ = {
			isa = XCBuildConfiguration;
			buildSettings = {
				ASSETCATALOG_COMPILER_APPICON_NAME = AppIcon;
				CODE_SIGN_STYLE = Automatic;
				INFOPLIST_FILE = "ios GCD/Info.plist";
				LD_RUNPATH_SEARCH_PATHS = (
					"$(inherited)",
					"@executable_path/Frameworks",
				);
				PRODUCT_BUNDLE_IDENTIFIER = "wuiifdsjkjsfsj.aspjas.ios-GCD";
				PRODUCT_NAME = "$(TARGET_NAME)";
				TARGETED_DEVICE_FAMILY = "1,2";
			};
			name = Debug;
		};
		CEAE79192237D15F00453FC0 /* Release */ = {
			isa = XCBuildConfiguration;
			buildSettings = {
				ASSETCATALOG_COMPILER_APPICON_NAME = AppIcon;
				CODE_SIGN_STYLE = Automatic;
				INFOPLIST_FILE = "ios GCD/Info.plist";
				LD_RUNPATH_SEARCH_PATHS = (
					"$(inherited)",
					"@executable_path/Frameworks",
				);
				PRODUCT_BUNDLE_IDENTIFIER = "wuiifdsjkjsfsj.aspjas.ios-GCD";
				PRODUCT_NAME = "$(TARGET_NAME)";
				TARGETED_DEVICE_FAMILY = "1,2";
			};
			name = Release;
		};
/* End XCBuildConfiguration section */

/* Begin XCConfigurationList section */
		CEAE78FC2237D15D00453FC0 /* Build configuration list for PBXProject "ios GCD" */ = {
			isa = XCConfigurationList;
			buildConfigurations = (
				CEAE79152237D15F00453FC0 /* Debug */,
				CEAE79162237D15F00453FC0 /* Release */,
			);
			defaultConfigurationIsVisible = 0;
			defaultConfigurationName = Release;
		};
		CEAE79172237D15F00453FC0 /* Build configuration list for PBXNativeTarget "ios GCD" */ = {
			isa = XCConfigurationList;
			buildConfigurations = (
				CEAE79182237D15F00453FC0 /* Debug */,
				CEAE79192237D15F00453FC0 /* Release */,
			);
			defaultConfigurationIsVisible = 0;
			defaultConfigurationName = Release;
		};
/* End XCConfigurationList section */
	};
	rootObject = CEAE78F92237D15D00453FC0 /* Project object */;
}
